{
  "pins" : [
    {
      "identity" : "colorfulx",
      "kind" : "remoteSourceControl",
      "location" : "https://github.com/Lessica/ColorfulX.git",
      "state" : {
        "branch" : "legacy-support",
        "revision" : "7a1ad1b8c2ebba081ee887209459e535c9c9b47a"
      }
    },
    {
      "identity" : "springinterpolation",
      "kind" : "remoteSourceControl",
      "location" : "https://github.com/Lessica/SpringInterpolation.git",
      "state" : {
        "branch" : "ci/add-platforms",
        "revision" : "685501aadb58a9a9e88bf3c3ffa94a60f0eca864"
      }
    },
    {
      "identity" : "zstd",
      "kind" : "remoteSourceControl",
      "location" : "https://github.com/facebook/zstd.git",
      "state" : {
        "revision" : "63779c798237346c2b245c546c40b72a5a5913fe",
        "version" : "1.5.5"
      }
    }
  ],
  "version" : 2
}
