{
  "pins" : [
    {
      "identity" : "colorfulx",
      "kind" : "remoteSourceControl",
      "location" : "https://github.com/Lakr233/ColorfulX.git",
      "state" : {
        "revision" : "7224cd36a7f95d14779fef0e2ccb8ad11e3e9fdc",
        "version" : "2.2.15"
      }
    },
    {
      "identity" : "springinterpolation",
      "kind" : "remoteSourceControl",
      "location" : "https://github.com/Lakr233/SpringInterpolation.git",
      "state" : {
        "revision" : "be8721cffc87ec514fa13ba5dab586a2730f51c9",
        "version" : "1.1.2"
      }
    },
    {
      "identity" : "zstd",
      "kind" : "remoteSourceControl",
      "location" : "https://github.com/facebook/zstd.git",
      "state" : {
        "revision" : "63779c798237346c2b245c546c40b72a5a5913fe",
        "version" : "1.5.5"
      }
    }
  ],
  "version" : 2
}
